// !$*UTF8*$!
{
	archiveVersion = 1;
	classes = {
	};
	objectVersion = 48;
	objects = {

/* Begin PBXBuildFile section */
		BA29AC751F434B46008BBB09 /* AppDelegate.swift in Sources */ = {isa = PBXBuildFile; fileRef = BA29AC741F434B46008BBB09 /* AppDelegate.swift */; };
		BA29AC771F434B46008BBB09 /* ViewController.swift in Sources */ = {isa = PBXBuildFile; fileRef = BA29AC761F434B46008BBB09 /* ViewController.swift */; };
		BA29AC7A1F434B46008BBB09 /* Main.storyboard in Resources */ = {isa = PBXBuildFile; fileRef = BA29AC781F434B46008BBB09 /* Main.storyboard */; };
		BA29AC7C1F434B46008BBB09 /* Assets.xcassets in Resources */ = {isa = PBXBuildFile; fileRef = BA29AC7B1F434B46008BBB09 /* Assets.xcassets */; };
		BA29AC7F1F434B46008BBB09 /* LaunchScreen.storyboard in Resources */ = {isa = PBXBuildFile; fileRef = BA29AC7D1F434B46008BBB09 /* LaunchScreen.storyboard */; };
		BA29AC8A1F434B46008BBB09 /* StackView_AppTests.swift in Sources */ = {isa = PBXBuildFile; fileRef = BA29AC891F434B46008BBB09 /* StackView_AppTests.swift */; };
		BA29AC951F434B46008BBB09 /* StackView_AppUITests.swift in Sources */ = {isa = PBXBuildFile; fileRef = BA29AC941F434B46008BBB09 /* StackView_AppUITests.swift */; };
/* End PBXBuildFile section */

/* Begin PBXContainerItemProxy section */
		BA29AC861F434B46008BBB09 /* PBXContainerItemProxy */ = {
			isa = PBXContainerItemProxy;
			containerPortal = BA29AC691F434B46008BBB09 /* Project object */;
			proxyType = 1;
			remoteGlobalIDString = BA29AC701F434B46008BBB09;
			remoteInfo = "StackView-App";
		};
		BA29AC911F434B46008BBB09 /* PBXContainerItemProxy */ = {
			isa = PBXContainerItemProxy;
			containerPortal = BA29AC691F434B46008BBB09 /* Project object */;
			proxyType = 1;
			remoteGlobalIDString = BA29AC701F434B46008BBB09;
			remoteInfo = "StackView-App";
		};
/* End PBXContainerItemProxy section */

/* Begin PBXFileReference section */
		BA29AC711F434B46008BBB09 /* StackView-App.app */ = {isa = PBXFileReference; explicitFileType = wrapper.application; includeInIndex = 0; path = "StackView-App.app"; sourceTree = BUILT_PRODUCTS_DIR; };
		BA29AC741F434B46008BBB09 /* AppDelegate.swift */ = {isa = PBXFileReference; lastKnownFileType = sourcecode.swift; path = AppDelegate.swift; sourceTree = "<group>"; };
		BA29AC761F434B46008BBB09 /* ViewController.swift */ = {isa = PBXFileReference; lastKnownFileType = sourcecode.swift; path = ViewController.swift; sourceTree = "<group>"; };
		BA29AC791F434B46008BBB09 /* Base */ = {isa = PBXFileReference; lastKnownFileType = file.storyboard; name = Base; path = Base.lproj/Main.storyboard; sourceTree = "<group>"; };
		BA29AC7B1F434B46008BBB09 /* Assets.xcassets */ = {isa = PBXFileReference; lastKnownFileType = folder.assetcatalog; path = Assets.xcassets; sourceTree = "<group>"; };
		BA29AC7E1F434B46008BBB09 /* Base */ = {isa = PBXFileReference; lastKnownFileType = file.storyboard; name = Base; path = Base.lproj/LaunchScreen.storyboard; sourceTree = "<group>"; };
		BA29AC801F434B46008BBB09 /* Info.plist */ = {isa = PBXFileReference; lastKnownFileType = text.plist.xml; path = Info.plist; sourceTree = "<group>"; };
		BA29AC851F434B46008BBB09 /* StackView-AppTests.xctest */ = {isa = PBXFileReference; explicitFileType = wrapper.cfbundle; includeInIndex = 0; path = "StackView-AppTests.xctest"; sourceTree = BUILT_PRODUCTS_DIR; };
		BA29AC891F434B46008BBB09 /* StackView_AppTests.swift */ = {isa = PBXFileReference; lastKnownFileType = sourcecode.swift; path = StackView_AppTests.swift; sourceTree = "<group>"; };
		BA29AC8B1F434B46008BBB09 /* Info.plist */ = {isa = PBXFileReference; lastKnownFileType = text.plist.xml; path = Info.plist; sourceTree = "<group>"; };
		BA29AC901F434B46008BBB09 /* StackView-AppUITests.xctest */ = {isa = PBXFileReference; explicitFileType = wrapper.cfbundle; includeInIndex = 0; path = "StackView-AppUITests.xctest"; sourceTree = BUILT_PRODUCTS_DIR; };
		BA29AC941F434B46008BBB09 /* StackView_AppUITests.swift */ = {isa = PBXFileReference; lastKnownFileType = sourcecode.swift; path = StackView_AppUITests.swift; sourceTree = "<group>"; };
		BA29AC961F434B46008BBB09 /* Info.plist */ = {isa = PBXFileReference; lastKnownFileType = text.plist.xml; path = Info.plist; sourceTree = "<group>"; };
/* End PBXFileReference section */

/* Begin PBXFrameworksBuildPhase section */
		BA29AC6E1F434B46008BBB09 /* Frameworks */ = {
			isa = PBXFrameworksBuildPhase;
			buildActionMask = 2147483647;
			files = (
			);
			runOnlyForDeploymentPostprocessing = 0;
		};
		BA29AC821F434B46008BBB09 /* Frameworks */ = {
			isa = PBXFrameworksBuildPhase;
			buildActionMask = 2147483647;
			files = (
			);
			runOnlyForDeploymentPostprocessing = 0;
		};
		BA29AC8D1F434B46008BBB09 /* Frameworks */ = {
			isa = PBXFrameworksBuildPhase;
			buildActionMask = 2147483647;
			files = (
			);
			runOnlyForDeploymentPostprocessing = 0;
		};
/* End PBXFrameworksBuildPhase section */

/* Begin PBXGroup section */
		BA29AC681F434B46008BBB09 = {
			isa = PBXGroup;
			children = (
				BA29AC731F434B46008BBB09 /* StackView-App */,
				BA29AC881F434B46008BBB09 /* StackView-AppTests */,
				BA29AC931F434B46008BBB09 /* StackView-AppUITests */,
				BA29AC721F434B46008BBB09 /* Products */,
			);
			sourceTree = "<group>";
		};
		BA29AC721F434B46008BBB09 /* Products */ = {
			isa = PBXGroup;
			children = (
				BA29AC711F434B46008BBB09 /* StackView-App.app */,
				BA29AC851F434B46008BBB09 /* StackView-AppTests.xctest */,
				BA29AC901F434B46008BBB09 /* StackView-AppUITests.xctest */,
			);
			name = Products;
			sourceTree = "<group>";
		};
		BA29AC731F434B46008BBB09 /* StackView-App */ = {
			isa = PBXGroup;
			children = (
				BA29AC741F434B46008BBB09 /* AppDelegate.swift */,
				BA29AC761F434B46008BBB09 /* ViewController.swift */,
				BA29AC781F434B46008BBB09 /* Main.storyboard */,
				BA29AC7B1F434B46008BBB09 /* Assets.xcassets */,
				BA29AC7D1F434B46008BBB09 /* LaunchScreen.storyboard */,
				BA29AC801F434B46008BBB09 /* Info.plist */,
			);
			path = "StackView-App";
			sourceTree = "<group>";
		};
		BA29AC881F434B46008BBB09 /* StackView-AppTests */ = {
			isa = PBXGroup;
			children = (
				BA29AC891F434B46008BBB09 /* StackView_AppTests.swift */,
				BA29AC8B1F434B46008BBB09 /* Info.plist */,
			);
			path = "StackView-AppTests";
			sourceTree = "<group>";
		};
		BA29AC931F434B46008BBB09 /* StackView-AppUITests */ = {
			isa = PBXGroup;
			children = (
				BA29AC941F434B46008BBB09 /* StackView_AppUITests.swift */,
				BA29AC961F434B46008BBB09 /* Info.plist */,
			);
			path = "StackView-AppUITests";
			sourceTree = "<group>";
		};
/* End PBXGroup section */

/* Begin PBXNativeTarget section */
		BA29AC701F434B46008BBB09 /* StackView-App */ = {
			isa = PBXNativeTarget;
			buildConfigurationList = BA29AC991F434B46008BBB09 /* Build configuration list for PBXNativeTarget "StackView-App" */;
			buildPhases = (
				BA29AC6D1F434B46008BBB09 /* Sources */,
				BA29AC6E1F434B46008BBB09 /* Frameworks */,
				BA29AC6F1F434B46008BBB09 /* Resources */,
			);
			buildRules = (
			);
			dependencies = (
			);
			name = "StackView-App";
			productName = "StackView-App";
			productReference = BA29AC711F434B46008BBB09 /* StackView-App.app */;
			productType = "com.apple.product-type.application";
		};
		BA29AC841F434B46008BBB09 /* StackView-AppTests */ = {
			isa = PBXNativeTarget;
			buildConfigurationList = BA29AC9C1F434B46008BBB09 /* Build configuration list for PBXNativeTarget "StackView-AppTests" */;
			buildPhases = (
				BA29AC811F434B46008BBB09 /* Sources */,
				BA29AC821F434B46008BBB09 /* Frameworks */,
				BA29AC831F434B46008BBB09 /* Resources */,
			);
			buildRules = (
			);
			dependencies = (
				BA29AC871F434B46008BBB09 /* PBXTargetDependency */,
			);
			name = "StackView-AppTests";
			productName = "StackView-AppTests";
			productReference = BA29AC851F434B46008BBB09 /* StackView-AppTests.xctest */;
			productType = "com.apple.product-type.bundle.unit-test";
		};
		BA29AC8F1F434B46008BBB09 /* StackView-AppUITests */ = {
			isa = PBXNativeTarget;
			buildConfigurationList = BA29AC9F1F434B46008BBB09 /* Build configuration list for PBXNativeTarget "StackView-AppUITests" */;
			buildPhases = (
				BA29AC8C1F434B46008BBB09 /* Sources */,
				BA29AC8D1F434B46008BBB09 /* Frameworks */,
				BA29AC8E1F434B46008BBB09 /* Resources */,
			);
			buildRules = (
			);
			dependencies = (
				BA29AC921F434B46008BBB09 /* PBXTargetDependency */,
			);
			name = "StackView-AppUITests";
			productName = "StackView-AppUITests";
			productReference = BA29AC901F434B46008BBB09 /* StackView-AppUITests.xctest */;
			productType = "com.apple.product-type.bundle.ui-testing";
		};
/* End PBXNativeTarget section */

/* Begin PBXProject section */
		BA29AC691F434B46008BBB09 /* Project object */ = {
			isa = PBXProject;
			attributes = {
				LastSwiftUpdateCheck = 0900;
				LastUpgradeCheck = 0900;
				ORGANIZATIONNAME = "Victor Mihaita";
				TargetAttributes = {
					BA29AC701F434B46008BBB09 = {
						CreatedOnToolsVersion = 9.0;
					};
					BA29AC841F434B46008BBB09 = {
						CreatedOnToolsVersion = 9.0;
						TestTargetID = BA29AC701F434B46008BBB09;
					};
					BA29AC8F1F434B46008BBB09 = {
						CreatedOnToolsVersion = 9.0;
						TestTargetID = BA29AC701F434B46008BBB09;
					};
				};
			};
			buildConfigurationList = BA29AC6C1F434B46008BBB09 /* Build configuration list for PBXProject "StackView-App" */;
			compatibilityVersion = "Xcode 8.0";
			developmentRegion = en;
			hasScannedForEncodings = 0;
			knownRegions = (
				en,
				Base,
			);
			mainGroup = BA29AC681F434B46008BBB09;
			productRefGroup = BA29AC721F434B46008BBB09 /* Products */;
			projectDirPath = "";
			projectRoot = "";
			targets = (
				BA29AC701F434B46008BBB09 /* StackView-App */,
				BA29AC841F434B46008BBB09 /* StackView-AppTests */,
				BA29AC8F1F434B46008BBB09 /* StackView-AppUITests */,
			);
		};
/* End PBXProject section */

/* Begin PBXResourcesBuildPhase section */
		BA29AC6F1F434B46008BBB09 /* Resources */ = {
			isa = PBXResourcesBuildPhase;
			buildActionMask = 2147483647;
			files = (
				BA29AC7F1F434B46008BBB09 /* LaunchScreen.storyboard in Resources */,
				BA29AC7C1F434B46008BBB09 /* Assets.xcassets in Resources */,
				BA29AC7A1F434B46008BBB09 /* Main.storyboard in Resources */,
			);
			runOnlyForDeploymentPostprocessing = 0;
		};
		BA29AC831F434B46008BBB09 /* Resources */ = {
			isa = PBXResourcesBuildPhase;
			buildActionMask = 2147483647;
			files = (
			);
			runOnlyForDeploymentPostprocessing = 0;
		};
		BA29AC8E1F434B46008BBB09 /* Resources */ = {
			isa = PBXResourcesBuildPhase;
			buildActionMask = 2147483647;
			files = (
			);
			runOnlyForDeploymentPostprocessing = 0;
		};
/* End PBXResourcesBuildPhase section */

/* Begin PBXSourcesBuildPhase section */
		BA29AC6D1F434B46008BBB09 /* Sources */ = {
			isa = PBXSourcesBuildPhase;
			buildActionMask = 2147483647;
			files = (
				BA29AC771F434B46008BBB09 /* ViewController.swift in Sources */,
				BA29AC751F434B46008BBB09 /* AppDelegate.swift in Sources */,
			);
			runOnlyForDeploymentPostprocessing = 0;
		};
		BA29AC811F434B46008BBB09 /* Sources */ = {
			isa = PBXSourcesBuildPhase;
			buildActionMask = 2147483647;
			files = (
				BA29AC8A1F434B46008BBB09 /* StackView_AppTests.swift in Sources */,
			);
			runOnlyForDeploymentPostprocessing = 0;
		};
		BA29AC8C1F434B46008BBB09 /* Sources */ = {
			isa = PBXSourcesBuildPhase;
			buildActionMask = 2147483647;
			files = (
				BA29AC951F434B46008BBB09 /* StackView_AppUITests.swift in Sources */,
			);
			runOnlyForDeploymentPostprocessing = 0;
		};
/* End PBXSourcesBuildPhase section */

/* Begin PBXTargetDependency section */
		BA29AC871F434B46008BBB09 /* PBXTargetDependency */ = {
			isa = PBXTargetDependency;
			target = BA29AC701F434B46008BBB09 /* StackView-App */;
			targetProxy = BA29AC861F434B46008BBB09 /* PBXContainerItemProxy */;
		};
		BA29AC921F434B46008BBB09 /* PBXTargetDependency */ = {
			isa = PBXTargetDependency;
			target = BA29AC701F434B46008BBB09 /* StackView-App */;
			targetProxy = BA29AC911F434B46008BBB09 /* PBXContainerItemProxy */;
		};
/* End PBXTargetDependency section */

/* Begin PBXVariantGroup section */
		BA29AC781F434B46008BBB09 /* Main.storyboard */ = {
			isa = PBXVariantGroup;
			children = (
				BA29AC791F434B46008BBB09 /* Base */,
			);
			name = Main.storyboard;
			sourceTree = "<group>";
		};
		BA29AC7D1F434B46008BBB09 /* LaunchScreen.storyboard */ = {
			isa = PBXVariantGroup;
			children = (
				BA29AC7E1F434B46008BBB09 /* Base */,
			);
			name = LaunchScreen.storyboard;
			sourceTree = "<group>";
		};
/* End PBXVariantGroup section */

/* Begin XCBuildConfiguration section */
		BA29AC971F434B46008BBB09 /* Debug */ = {
			isa = XCBuildConfiguration;
			buildSettings = {
				ALWAYS_SEARCH_USER_PATHS = NO;
				CLANG_ANALYZER_NONNULL = YES;
				CLANG_ANALYZER_NUMBER_OBJECT_CONVERSION = YES_AGGRESSIVE;
				CLANG_CXX_LANGUAGE_STANDARD = "gnu++14";
				CLANG_CXX_LIBRARY = "libc++";
				CLANG_ENABLE_MODULES = YES;
				CLANG_ENABLE_OBJC_ARC = YES;
				CLANG_WARN_BLOCK_CAPTURE_AUTORELEASING = YES;
				CLANG_WARN_BOOL_CONVERSION = YES;
				CLANG_WARN_COMMA = YES;
				CLANG_WARN_CONSTANT_CONVERSION = YES;
				CLANG_WARN_DIRECT_OBJC_ISA_USAGE = YES_ERROR;
				CLANG_WARN_DOCUMENTATION_COMMENTS = YES;
				CLANG_WARN_EMPTY_BODY = YES;
				CLANG_WARN_ENUM_CONVERSION = YES;
				CLANG_WARN_INFINITE_RECURSION = YES;
				CLANG_WARN_INT_CONVERSION = YES;
				CLANG_WARN_NON_LITERAL_NULL_CONVERSION = YES;
				CLANG_WARN_OBJC_LITERAL_CONVERSION = YES;
				CLANG_WARN_OBJC_ROOT_CLASS = YES_ERROR;
				CLANG_WARN_RANGE_LOOP_ANALYSIS = YES;
				CLANG_WARN_STRICT_PROTOTYPES = YES;
				CLANG_WARN_SUSPICIOUS_MOVE = YES;
				CLANG_WARN_UNGUARDED_AVAILABILITY = YES_AGGRESSIVE;
				CLANG_WARN_UNREACHABLE_CODE = YES;
				CLANG_WARN__DUPLICATE_METHOD_MATCH = YES;
				CODE_SIGN_IDENTITY = "iPhone Developer";
				COPY_PHASE_STRIP = NO;
				DEBUG_INFORMATION_FORMAT = dwarf;
				ENABLE_STRICT_OBJC_MSGSEND = YES;
				ENABLE_TESTABILITY = YES;
				GCC_C_LANGUAGE_STANDARD = gnu11;
				GCC_DYNAMIC_NO_PIC = NO;
				GCC_NO_COMMON_BLOCKS = YES;
				GCC_OPTIMIZATION_LEVEL = 0;
				GCC_PREPROCESSOR_DEFINITIONS = (
					"DEBUG=1",
					"$(inherited)",
				);
				GCC_WARN_64_TO_32_BIT_CONVERSION = YES;
				GCC_WARN_ABOUT_RETURN_TYPE = YES_ERROR;
				GCC_WARN_UNDECLARED_SELECTOR = YES;
				GCC_WARN_UNINITIALIZED_AUTOS = YES_AGGRESSIVE;
				GCC_WARN_UNUSED_FUNCTION = YES;
				GCC_WARN_UNUSED_VARIABLE = YES;
				IPHONEOS_DEPLOYMENT_TARGET = 11.0;
				MTL_ENABLE_DEBUG_INFO = YES;
				ONLY_ACTIVE_ARCH = YES;
				SDKROOT = iphoneos;
				SWIFT_ACTIVE_COMPILATION_CONDITIONS = DEBUG;
				SWIFT_OPTIMIZATION_LEVEL = "-Onone";
			};
			name = Debug;
		};
		BA29AC981F434B46008BBB09 /* Release */ = {
			isa = XCBuildConfiguration;
			buildSettings = {
				ALWAYS_SEARCH_USER_PATHS = NO;
				CLANG_ANALYZER_NONNULL = YES;
				CLANG_ANALYZER_NUMBER_OBJECT_CONVERSION = YES_AGGRESSIVE;
				CLANG_CXX_LANGUAGE_STANDARD = "gnu++14";
				CLANG_CXX_LIBRARY = "libc++";
				CLANG_ENABLE_MODULES = YES;
				CLANG_ENABLE_OBJC_ARC = YES;
				CLANG_WARN_BLOCK_CAPTURE_AUTORELEASING = YES;
				CLANG_WARN_BOOL_CONVERSION = YES;
				CLANG_WARN_COMMA = YES;
				CLANG_WARN_CONSTANT_CONVERSION = YES;
				CLANG_WARN_DIRECT_OBJC_ISA_USAGE = YES_ERROR;
				CLANG_WARN_DOCUMENTATION_COMMENTS = YES;
				CLANG_WARN_EMPTY_BODY = YES;
				CLANG_WARN_ENUM_CONVERSION = YES;
				CLANG_WARN_INFINITE_RECURSION = YES;
				CLANG_WARN_INT_CONVERSION = YES;
				CLANG_WARN_NON_LITERAL_NULL_CONVERSION = YES;
				CLANG_WARN_OBJC_LITERAL_CONVERSION = YES;
				CLANG_WARN_OBJC_ROOT_CLASS = YES_ERROR;
				CLANG_WARN_RANGE_LOOP_ANALYSIS = YES;
				CLANG_WARN_STRICT_PROTOTYPES = YES;
				CLANG_WARN_SUSPICIOUS_MOVE = YES;
				CLANG_WARN_UNGUARDED_AVAILABILITY = YES_AGGRESSIVE;
				CLANG_WARN_UNREACHABLE_CODE = YES;
				CLANG_WARN__DUPLICATE_METHOD_MATCH = YES;
				CODE_SIGN_IDENTITY = "iPhone Developer";
				COPY_PHASE_STRIP = NO;
				DEBUG_INFORMATION_FORMAT = "dwarf-with-dsym";
				ENABLE_NS_ASSERTIONS = NO;
				ENABLE_STRICT_OBJC_MSGSEND = YES;
				GCC_C_LANGUAGE_STANDARD = gnu11;
				GCC_NO_COMMON_BLOCKS = YES;
				GCC_WARN_64_TO_32_BIT_CONVERSION = YES;
				GCC_WARN_ABOUT_RETURN_TYPE = YES_ERROR;
				GCC_WARN_UNDECLARED_SELECTOR = YES;
				GCC_WARN_UNINITIALIZED_AUTOS = YES_AGGRESSIVE;
				GCC_WARN_UNUSED_FUNCTION = YES;
				GCC_WARN_UNUSED_VARIABLE = YES;
				IPHONEOS_DEPLOYMENT_TARGET = 11.0;
				MTL_ENABLE_DEBUG_INFO = NO;
				SDKROOT = iphoneos;
				SWIFT_OPTIMIZATION_LEVEL = "-Owholemodule";
				VALIDATE_PRODUCT = YES;
			};
			name = Release;
		};
		BA29AC9A1F434B46008BBB09 /* Debug */ = {
			isa = XCBuildConfiguration;
			buildSettings = {
				ASSETCATALOG_COMPILER_APPICON_NAME = AppIcon;
				DEVELOPMENT_TEAM = JL84E9GK95;
				INFOPLIST_FILE = "StackView-App/Info.plist";
				LD_RUNPATH_SEARCH_PATHS = "$(inherited) @executable_path/Frameworks";
				PRODUCT_BUNDLE_IDENTIFIER = Victor.MiraclePill;
				PRODUCT_NAME = "$(TARGET_NAME)";
				SWIFT_VERSION = 4.0;
				TARGETED_DEVICE_FAMILY = "1,2";
			};
			name = Debug;
		};
		BA29AC9B1F434B46008BBB09 /* Release */ = {
			isa = XCBuildConfiguration;
			buildSettings = {
				ASSETCATALOG_COMPILER_APPICON_NAME = AppIcon;
				DEVELOPMENT_TEAM = JL84E9GK95;
				INFOPLIST_FILE = "StackView-App/Info.plist";
				LD_RUNPATH_SEARCH_PATHS = "$(inherited) @executable_path/Frameworks";
				PRODUCT_BUNDLE_IDENTIFIER = Victor.MiraclePill;
				PRODUCT_NAME = "$(TARGET_NAME)";
				SWIFT_VERSION = 4.0;
				TARGETED_DEVICE_FAMILY = "1,2";
			};
			name = Release;
		};
		BA29AC9D1F434B46008BBB09 /* Debug */ = {
			isa = XCBuildConfiguration;
			buildSettings = {
				ALWAYS_EMBED_SWIFT_STANDARD_LIBRARIES = YES;
				BUNDLE_LOADER = "$(TEST_HOST)";
				DEVELOPMENT_TEAM = JL84E9GK95;
				INFOPLIST_FILE = "StackView-AppTests/Info.plist";
				LD_RUNPATH_SEARCH_PATHS = "$(inherited) @executable_path/Frameworks @loader_path/Frameworks";
				PRODUCT_BUNDLE_IDENTIFIER = "Victor.StackView-AppTests";
				PRODUCT_NAME = "$(TARGET_NAME)";
				SWIFT_VERSION = 4.0;
				TARGETED_DEVICE_FAMILY = "1,2";
				TEST_HOST = "$(BUILT_PRODUCTS_DIR)/StackView-App.app/StackView-App";
			};
			name = Debug;
		};
		BA29AC9E1F434B46008BBB09 /* Release */ = {
			isa = XCBuildConfiguration;
			buildSettings = {
				ALWAYS_EMBED_SWIFT_STANDARD_LIBRARIES = YES;
				BUNDLE_LOADER = "$(TEST_HOST)";
				DEVELOPMENT_TEAM = JL84E9GK95;
				INFOPLIST_FILE = "StackView-AppTests/Info.plist";
				LD_RUNPATH_SEARCH_PATHS = "$(inherited) @executable_path/Frameworks @loader_path/Frameworks";
				PRODUCT_BUNDLE_IDENTIFIER = "Victor.StackView-AppTests";
				PRODUCT_NAME = "$(TARGET_NAME)";
				SWIFT_VERSION = 4.0;
				TARGETED_DEVICE_FAMILY = "1,2";
				TEST_HOST = "$(BUILT_PRODUCTS_DIR)/StackView-App.app/StackView-App";
			};
			name = Release;
		};
		BA29ACA01F434B46008BBB09 /* Debug */ = {
			isa = XCBuildConfiguration;
			buildSettings = {
				ALWAYS_EMBED_SWIFT_STANDARD_LIBRARIES = YES;
				DEVELOPMENT_TEAM = JL84E9GK95;
				INFOPLIST_FILE = "StackView-AppUITests/Info.plist";
				LD_RUNPATH_SEARCH_PATHS = "$(inherited) @executable_path/Frameworks @loader_path/Frameworks";
				PRODUCT_BUNDLE_IDENTIFIER = "Victor.StackView-AppUITests";
				PRODUCT_NAME = "$(TARGET_NAME)";
				SWIFT_VERSION = 4.0;
				TARGETED_DEVICE_FAMILY = "1,2";
				TEST_TARGET_NAME = "StackView-App";
			};
			name = Debug;
		};
		BA29ACA11F434B46008BBB09 /* Release */ = {
			isa = XCBuildConfiguration;
			buildSettings = {
				ALWAYS_EMBED_SWIFT_STANDARD_LIBRARIES = YES;
				DEVELOPMENT_TEAM = JL84E9GK95;
				INFOPLIST_FILE = "StackView-AppUITests/Info.plist";
				LD_RUNPATH_SEARCH_PATHS = "$(inherited) @executable_path/Frameworks @loader_path/Frameworks";
				PRODUCT_BUNDLE_IDENTIFIER = "Victor.StackView-AppUITests";
				PRODUCT_NAME = "$(TARGET_NAME)";
				SWIFT_VERSION = 4.0;
				TARGETED_DEVICE_FAMILY = "1,2";
				TEST_TARGET_NAME = "StackView-App";
			};
			name = Release;
		};
/* End XCBuildConfiguration section */

/* Begin XCConfigurationList section */
		BA29AC6C1F434B46008BBB09 /* Build configuration list for PBXProject "StackView-App" */ = {
			isa = XCConfigurationList;
			buildConfigurations = (
				BA29AC971F434B46008BBB09 /* Debug */,
				BA29AC981F434B46008BBB09 /* Release */,
			);
			defaultConfigurationIsVisible = 0;
			defaultConfigurationName = Release;
		};
		BA29AC991F434B46008BBB09 /* Build configuration list for PBXNativeTarget "StackView-App" */ = {
			isa = XCConfigurationList;
			buildConfigurations = (
				BA29AC9A1F434B46008BBB09 /* Debug */,
				BA29AC9B1F434B46008BBB09 /* Release */,
			);
			defaultConfigurationIsVisible = 0;
			defaultConfigurationName = Release;
		};
		BA29AC9C1F434B46008BBB09 /* Build configuration list for PBXNativeTarget "StackView-AppTests" */ = {
			isa = XCConfigurationList;
			buildConfigurations = (
				BA29AC9D1F434B46008BBB09 /* Debug */,
				BA29AC9E1F434B46008BBB09 /* Release */,
			);
			defaultConfigurationIsVisible = 0;
			defaultConfigurationName = Release;
		};
		BA29AC9F1F434B46008BBB09 /* Build configuration list for PBXNativeTarget "StackView-AppUITests" */ = {
			isa = XCConfigurationList;
			buildConfigurations = (
				BA29ACA01F434B46008BBB09 /* Debug */,
				BA29ACA11F434B46008BBB09 /* Release */,
			);
			defaultConfigurationIsVisible = 0;
			defaultConfigurationName = Release;
		};
/* End XCConfigurationList section */
	};
	rootObject = BA29AC691F434B46008BBB09 /* Project object */;
}
