// !$*UTF8*$!
{
	archiveVersion = 1;
	classes = {
	};
	objectVersion = 48;
	objects = {

/* Begin PBXBuildFile section */
		BA29ACED1F43A497008BBB09 /* AppDelegate.swift in Sources */ = {isa = PBXBuildFile; fileRef = BA29ACEC1F43A497008BBB09 /* AppDelegate.swift */; };
		BA29ACEF1F43A497008BBB09 /* ViewController.swift in Sources */ = {isa = PBXBuildFile; fileRef = BA29ACEE1F43A497008BBB09 /* ViewController.swift */; };
		BA29ACF21F43A497008BBB09 /* Main.storyboard in Resources */ = {isa = PBXBuildFile; fileRef = BA29ACF01F43A497008BBB09 /* Main.storyboard */; };
		BA29ACF41F43A497008BBB09 /* Assets.xcassets in Resources */ = {isa = PBXBuildFile; fileRef = BA29ACF31F43A497008BBB09 /* Assets.xcassets */; };
		BA29ACF71F43A497008BBB09 /* LaunchScreen.storyboard in Resources */ = {isa = PBXBuildFile; fileRef = BA29ACF51F43A497008BBB09 /* LaunchScreen.storyboard */; };
		BA29AD021F43A497008BBB09 /* RetroCalculatorTests.swift in Sources */ = {isa = PBXBuildFile; fileRef = BA29AD011F43A497008BBB09 /* RetroCalculatorTests.swift */; };
		BA29AD0D1F43A497008BBB09 /* RetroCalculatorUITests.swift in Sources */ = {isa = PBXBuildFile; fileRef = BA29AD0C1F43A497008BBB09 /* RetroCalculatorUITests.swift */; };
		BA29AD1E1F441BC6008BBB09 /* Minecrafter.Alt.ttf in Resources */ = {isa = PBXBuildFile; fileRef = BA29AD1D1F441BBC008BBB09 /* Minecrafter.Alt.ttf */; };
		BA29AD201F44A2D7008BBB09 /* btn.wav in Resources */ = {isa = PBXBuildFile; fileRef = BA29AD1F1F441CBD008BBB09 /* btn.wav */; };
/* End PBXBuildFile section */

/* Begin PBXContainerItemProxy section */
		BA29ACFE1F43A497008BBB09 /* PBXContainerItemProxy */ = {
			isa = PBXContainerItemProxy;
			containerPortal = BA29ACE11F43A497008BBB09 /* Project object */;
			proxyType = 1;
			remoteGlobalIDString = BA29ACE81F43A497008BBB09;
			remoteInfo = RetroCalculator;
		};
		BA29AD091F43A497008BBB09 /* PBXContainerItemProxy */ = {
			isa = PBXContainerItemProxy;
			containerPortal = BA29ACE11F43A497008BBB09 /* Project object */;
			proxyType = 1;
			remoteGlobalIDString = BA29ACE81F43A497008BBB09;
			remoteInfo = RetroCalculator;
		};
/* End PBXContainerItemProxy section */

/* Begin PBXFileReference section */
		BA29ACE91F43A497008BBB09 /* RetroCalculator.app */ = {isa = PBXFileReference; explicitFileType = wrapper.application; includeInIndex = 0; path = RetroCalculator.app; sourceTree = BUILT_PRODUCTS_DIR; };
		BA29ACEC1F43A497008BBB09 /* AppDelegate.swift */ = {isa = PBXFileReference; lastKnownFileType = sourcecode.swift; path = AppDelegate.swift; sourceTree = "<group>"; };
		BA29ACEE1F43A497008BBB09 /* ViewController.swift */ = {isa = PBXFileReference; lastKnownFileType = sourcecode.swift; path = ViewController.swift; sourceTree = "<group>"; };
		BA29ACF11F43A497008BBB09 /* Base */ = {isa = PBXFileReference; lastKnownFileType = file.storyboard; name = Base; path = Base.lproj/Main.storyboard; sourceTree = "<group>"; };
		BA29ACF31F43A497008BBB09 /* Assets.xcassets */ = {isa = PBXFileReference; lastKnownFileType = folder.assetcatalog; path = Assets.xcassets; sourceTree = "<group>"; };
		BA29ACF61F43A497008BBB09 /* Base */ = {isa = PBXFileReference; lastKnownFileType = file.storyboard; name = Base; path = Base.lproj/LaunchScreen.storyboard; sourceTree = "<group>"; };
		BA29ACF81F43A497008BBB09 /* Info.plist */ = {isa = PBXFileReference; lastKnownFileType = text.plist.xml; path = Info.plist; sourceTree = "<group>"; };
		BA29ACFD1F43A497008BBB09 /* RetroCalculatorTests.xctest */ = {isa = PBXFileReference; explicitFileType = wrapper.cfbundle; includeInIndex = 0; path = RetroCalculatorTests.xctest; sourceTree = BUILT_PRODUCTS_DIR; };
		BA29AD011F43A497008BBB09 /* RetroCalculatorTests.swift */ = {isa = PBXFileReference; lastKnownFileType = sourcecode.swift; path = RetroCalculatorTests.swift; sourceTree = "<group>"; };
		BA29AD031F43A497008BBB09 /* Info.plist */ = {isa = PBXFileReference; lastKnownFileType = text.plist.xml; path = Info.plist; sourceTree = "<group>"; };
		BA29AD081F43A497008BBB09 /* RetroCalculatorUITests.xctest */ = {isa = PBXFileReference; explicitFileType = wrapper.cfbundle; includeInIndex = 0; path = RetroCalculatorUITests.xctest; sourceTree = BUILT_PRODUCTS_DIR; };
		BA29AD0C1F43A497008BBB09 /* RetroCalculatorUITests.swift */ = {isa = PBXFileReference; lastKnownFileType = sourcecode.swift; path = RetroCalculatorUITests.swift; sourceTree = "<group>"; };
		BA29AD0E1F43A497008BBB09 /* Info.plist */ = {isa = PBXFileReference; lastKnownFileType = text.plist.xml; path = Info.plist; sourceTree = "<group>"; };
		BA29AD1D1F441BBC008BBB09 /* Minecrafter.Alt.ttf */ = {isa = PBXFileReference; lastKnownFileType = file; name = Minecrafter.Alt.ttf; path = ../../../../../Downloads/minecrafter/Minecrafter.Alt.ttf; sourceTree = "<group>"; };
		BA29AD1F1F441CBD008BBB09 /* btn.wav */ = {isa = PBXFileReference; lastKnownFileType = audio.wav; path = btn.wav; sourceTree = "<group>"; };
/* End PBXFileReference section */

/* Begin PBXFrameworksBuildPhase section */
		BA29ACE61F43A497008BBB09 /* Frameworks */ = {
			isa = PBXFrameworksBuildPhase;
			buildActionMask = 2147483647;
			files = (
			);
			runOnlyForDeploymentPostprocessing = 0;
		};
		BA29ACFA1F43A497008BBB09 /* Frameworks */ = {
			isa = PBXFrameworksBuildPhase;
			buildActionMask = 2147483647;
			files = (
			);
			runOnlyForDeploymentPostprocessing = 0;
		};
		BA29AD051F43A497008BBB09 /* Frameworks */ = {
			isa = PBXFrameworksBuildPhase;
			buildActionMask = 2147483647;
			files = (
			);
			runOnlyForDeploymentPostprocessing = 0;
		};
/* End PBXFrameworksBuildPhase section */

/* Begin PBXGroup section */
		BA29ACE01F43A497008BBB09 = {
			isa = PBXGroup;
			children = (
				BA29ACEB1F43A497008BBB09 /* RetroCalculator */,
				BA29AD001F43A497008BBB09 /* RetroCalculatorTests */,
				BA29AD0B1F43A497008BBB09 /* RetroCalculatorUITests */,
				BA29ACEA1F43A497008BBB09 /* Products */,
			);
			sourceTree = "<group>";
		};
		BA29ACEA1F43A497008BBB09 /* Products */ = {
			isa = PBXGroup;
			children = (
				BA29ACE91F43A497008BBB09 /* RetroCalculator.app */,
				BA29ACFD1F43A497008BBB09 /* RetroCalculatorTests.xctest */,
				BA29AD081F43A497008BBB09 /* RetroCalculatorUITests.xctest */,
			);
			name = Products;
			sourceTree = "<group>";
		};
		BA29ACEB1F43A497008BBB09 /* RetroCalculator */ = {
			isa = PBXGroup;
			children = (
				BA29AD1F1F441CBD008BBB09 /* btn.wav */,
				BA29AD1D1F441BBC008BBB09 /* Minecrafter.Alt.ttf */,
				BA29ACEC1F43A497008BBB09 /* AppDelegate.swift */,
				BA29ACEE1F43A497008BBB09 /* ViewController.swift */,
				BA29ACF01F43A497008BBB09 /* Main.storyboard */,
				BA29ACF31F43A497008BBB09 /* Assets.xcassets */,
				BA29ACF51F43A497008BBB09 /* LaunchScreen.storyboard */,
				BA29ACF81F43A497008BBB09 /* Info.plist */,
			);
			path = RetroCalculator;
			sourceTree = "<group>";
		};
		BA29AD001F43A497008BBB09 /* RetroCalculatorTests */ = {
			isa = PBXGroup;
			children = (
				BA29AD011F43A497008BBB09 /* RetroCalculatorTests.swift */,
				BA29AD031F43A497008BBB09 /* Info.plist */,
			);
			path = RetroCalculatorTests;
			sourceTree = "<group>";
		};
		BA29AD0B1F43A497008BBB09 /* RetroCalculatorUITests */ = {
			isa = PBXGroup;
			children = (
				BA29AD0C1F43A497008BBB09 /* RetroCalculatorUITests.swift */,
				BA29AD0E1F43A497008BBB09 /* Info.plist */,
			);
			path = RetroCalculatorUITests;
			sourceTree = "<group>";
		};
/* End PBXGroup section */

/* Begin PBXNativeTarget section */
		BA29ACE81F43A497008BBB09 /* RetroCalculator */ = {
			isa = PBXNativeTarget;
			buildConfigurationList = BA29AD111F43A497008BBB09 /* Build configuration list for PBXNativeTarget "RetroCalculator" */;
			buildPhases = (
				BA29ACE51F43A497008BBB09 /* Sources */,
				BA29ACE61F43A497008BBB09 /* Frameworks */,
				BA29ACE71F43A497008BBB09 /* Resources */,
			);
			buildRules = (
			);
			dependencies = (
			);
			name = RetroCalculator;
			productName = RetroCalculator;
			productReference = BA29ACE91F43A497008BBB09 /* RetroCalculator.app */;
			productType = "com.apple.product-type.application";
		};
		BA29ACFC1F43A497008BBB09 /* RetroCalculatorTests */ = {
			isa = PBXNativeTarget;
			buildConfigurationList = BA29AD141F43A497008BBB09 /* Build configuration list for PBXNativeTarget "RetroCalculatorTests" */;
			buildPhases = (
				BA29ACF91F43A497008BBB09 /* Sources */,
				BA29ACFA1F43A497008BBB09 /* Frameworks */,
				BA29ACFB1F43A497008BBB09 /* Resources */,
			);
			buildRules = (
			);
			dependencies = (
				BA29ACFF1F43A497008BBB09 /* PBXTargetDependency */,
			);
			name = RetroCalculatorTests;
			productName = RetroCalculatorTests;
			productReference = BA29ACFD1F43A497008BBB09 /* RetroCalculatorTests.xctest */;
			productType = "com.apple.product-type.bundle.unit-test";
		};
		BA29AD071F43A497008BBB09 /* RetroCalculatorUITests */ = {
			isa = PBXNativeTarget;
			buildConfigurationList = BA29AD171F43A497008BBB09 /* Build configuration list for PBXNativeTarget "RetroCalculatorUITests" */;
			buildPhases = (
				BA29AD041F43A497008BBB09 /* Sources */,
				BA29AD051F43A497008BBB09 /* Frameworks */,
				BA29AD061F43A497008BBB09 /* Resources */,
			);
			buildRules = (
			);
			dependencies = (
				BA29AD0A1F43A497008BBB09 /* PBXTargetDependency */,
			);
			name = RetroCalculatorUITests;
			productName = RetroCalculatorUITests;
			productReference = BA29AD081F43A497008BBB09 /* RetroCalculatorUITests.xctest */;
			productType = "com.apple.product-type.bundle.ui-testing";
		};
/* End PBXNativeTarget section */

/* Begin PBXProject section */
		BA29ACE11F43A497008BBB09 /* Project object */ = {
			isa = PBXProject;
			attributes = {
				LastSwiftUpdateCheck = 0900;
				LastUpgradeCheck = 0900;
				ORGANIZATIONNAME = "Victor Mihaita";
				TargetAttributes = {
					BA29ACE81F43A497008BBB09 = {
						CreatedOnToolsVersion = 9.0;
						ProvisioningStyle = Automatic;
					};
					BA29ACFC1F43A497008BBB09 = {
						CreatedOnToolsVersion = 9.0;
						TestTargetID = BA29ACE81F43A497008BBB09;
					};
					BA29AD071F43A497008BBB09 = {
						CreatedOnToolsVersion = 9.0;
						TestTargetID = BA29ACE81F43A497008BBB09;
					};
				};
			};
			buildConfigurationList = BA29ACE41F43A497008BBB09 /* Build configuration list for PBXProject "RetroCalculator" */;
			compatibilityVersion = "Xcode 8.0";
			developmentRegion = en;
			hasScannedForEncodings = 0;
			knownRegions = (
				en,
				Base,
			);
			mainGroup = BA29ACE01F43A497008BBB09;
			productRefGroup = BA29ACEA1F43A497008BBB09 /* Products */;
			projectDirPath = "";
			projectRoot = "";
			targets = (
				BA29ACE81F43A497008BBB09 /* RetroCalculator */,
				BA29ACFC1F43A497008BBB09 /* RetroCalculatorTests */,
				BA29AD071F43A497008BBB09 /* RetroCalculatorUITests */,
			);
		};
/* End PBXProject section */

/* Begin PBXResourcesBuildPhase section */
		BA29ACE71F43A497008BBB09 /* Resources */ = {
			isa = PBXResourcesBuildPhase;
			buildActionMask = 2147483647;
			files = (
				BA29AD201F44A2D7008BBB09 /* btn.wav in Resources */,
				BA29AD1E1F441BC6008BBB09 /* Minecrafter.Alt.ttf in Resources */,
				BA29ACF71F43A497008BBB09 /* LaunchScreen.storyboard in Resources */,
				BA29ACF41F43A497008BBB09 /* Assets.xcassets in Resources */,
				BA29ACF21F43A497008BBB09 /* Main.storyboard in Resources */,
			);
			runOnlyForDeploymentPostprocessing = 0;
		};
		BA29ACFB1F43A497008BBB09 /* Resources */ = {
			isa = PBXResourcesBuildPhase;
			buildActionMask = 2147483647;
			files = (
			);
			runOnlyForDeploymentPostprocessing = 0;
		};
		BA29AD061F43A497008BBB09 /* Resources */ = {
			isa = PBXResourcesBuildPhase;
			buildActionMask = 2147483647;
			files = (
			);
			runOnlyForDeploymentPostprocessing = 0;
		};
/* End PBXResourcesBuildPhase section */

/* Begin PBXSourcesBuildPhase section */
		BA29ACE51F43A497008BBB09 /* Sources */ = {
			isa = PBXSourcesBuildPhase;
			buildActionMask = 2147483647;
			files = (
				BA29ACEF1F43A497008BBB09 /* ViewController.swift in Sources */,
				BA29ACED1F43A497008BBB09 /* AppDelegate.swift in Sources */,
			);
			runOnlyForDeploymentPostprocessing = 0;
		};
		BA29ACF91F43A497008BBB09 /* Sources */ = {
			isa = PBXSourcesBuildPhase;
			buildActionMask = 2147483647;
			files = (
				BA29AD021F43A497008BBB09 /* RetroCalculatorTests.swift in Sources */,
			);
			runOnlyForDeploymentPostprocessing = 0;
		};
		BA29AD041F43A497008BBB09 /* Sources */ = {
			isa = PBXSourcesBuildPhase;
			buildActionMask = 2147483647;
			files = (
				BA29AD0D1F43A497008BBB09 /* RetroCalculatorUITests.swift in Sources */,
			);
			runOnlyForDeploymentPostprocessing = 0;
		};
/* End PBXSourcesBuildPhase section */

/* Begin PBXTargetDependency section */
		BA29ACFF1F43A497008BBB09 /* PBXTargetDependency */ = {
			isa = PBXTargetDependency;
			target = BA29ACE81F43A497008BBB09 /* RetroCalculator */;
			targetProxy = BA29ACFE1F43A497008BBB09 /* PBXContainerItemProxy */;
		};
		BA29AD0A1F43A497008BBB09 /* PBXTargetDependency */ = {
			isa = PBXTargetDependency;
			target = BA29ACE81F43A497008BBB09 /* RetroCalculator */;
			targetProxy = BA29AD091F43A497008BBB09 /* PBXContainerItemProxy */;
		};
/* End PBXTargetDependency section */

/* Begin PBXVariantGroup section */
		BA29ACF01F43A497008BBB09 /* Main.storyboard */ = {
			isa = PBXVariantGroup;
			children = (
				BA29ACF11F43A497008BBB09 /* Base */,
			);
			name = Main.storyboard;
			sourceTree = "<group>";
		};
		BA29ACF51F43A497008BBB09 /* LaunchScreen.storyboard */ = {
			isa = PBXVariantGroup;
			children = (
				BA29ACF61F43A497008BBB09 /* Base */,
			);
			name = LaunchScreen.storyboard;
			sourceTree = "<group>";
		};
/* End PBXVariantGroup section */

/* Begin XCBuildConfiguration section */
		BA29AD0F1F43A497008BBB09 /* Debug */ = {
			isa = XCBuildConfiguration;
			buildSettings = {
				ALWAYS_SEARCH_USER_PATHS = NO;
				CLANG_ANALYZER_NONNULL = YES;
				CLANG_ANALYZER_NUMBER_OBJECT_CONVERSION = YES_AGGRESSIVE;
				CLANG_CXX_LANGUAGE_STANDARD = "gnu++14";
				CLANG_CXX_LIBRARY = "libc++";
				CLANG_ENABLE_MODULES = YES;
				CLANG_ENABLE_OBJC_ARC = YES;
				CLANG_WARN_BLOCK_CAPTURE_AUTORELEASING = YES;
				CLANG_WARN_BOOL_CONVERSION = YES;
				CLANG_WARN_COMMA = YES;
				CLANG_WARN_CONSTANT_CONVERSION = YES;
				CLANG_WARN_DIRECT_OBJC_ISA_USAGE = YES_ERROR;
				CLANG_WARN_DOCUMENTATION_COMMENTS = YES;
				CLANG_WARN_EMPTY_BODY = YES;
				CLANG_WARN_ENUM_CONVERSION = YES;
				CLANG_WARN_INFINITE_RECURSION = YES;
				CLANG_WARN_INT_CONVERSION = YES;
				CLANG_WARN_NON_LITERAL_NULL_CONVERSION = YES;
				CLANG_WARN_OBJC_LITERAL_CONVERSION = YES;
				CLANG_WARN_OBJC_ROOT_CLASS = YES_ERROR;
				CLANG_WARN_RANGE_LOOP_ANALYSIS = YES;
				CLANG_WARN_STRICT_PROTOTYPES = YES;
				CLANG_WARN_SUSPICIOUS_MOVE = YES;
				CLANG_WARN_UNGUARDED_AVAILABILITY = YES_AGGRESSIVE;
				CLANG_WARN_UNREACHABLE_CODE = YES;
				CLANG_WARN__DUPLICATE_METHOD_MATCH = YES;
				CODE_SIGN_IDENTITY = "iPhone Developer";
				COPY_PHASE_STRIP = NO;
				DEBUG_INFORMATION_FORMAT = dwarf;
				ENABLE_STRICT_OBJC_MSGSEND = YES;
				ENABLE_TESTABILITY = YES;
				GCC_C_LANGUAGE_STANDARD = gnu11;
				GCC_DYNAMIC_NO_PIC = NO;
				GCC_NO_COMMON_BLOCKS = YES;
				GCC_OPTIMIZATION_LEVEL = 0;
				GCC_PREPROCESSOR_DEFINITIONS = (
					"DEBUG=1",
					"$(inherited)",
				);
				GCC_WARN_64_TO_32_BIT_CONVERSION = YES;
				GCC_WARN_ABOUT_RETURN_TYPE = YES_ERROR;
				GCC_WARN_UNDECLARED_SELECTOR = YES;
				GCC_WARN_UNINITIALIZED_AUTOS = YES_AGGRESSIVE;
				GCC_WARN_UNUSED_FUNCTION = YES;
				GCC_WARN_UNUSED_VARIABLE = YES;
				IPHONEOS_DEPLOYMENT_TARGET = 11.0;
				MTL_ENABLE_DEBUG_INFO = YES;
				ONLY_ACTIVE_ARCH = YES;
				SDKROOT = iphoneos;
				SWIFT_ACTIVE_COMPILATION_CONDITIONS = DEBUG;
				SWIFT_OPTIMIZATION_LEVEL = "-Onone";
			};
			name = Debug;
		};
		BA29AD101F43A497008BBB09 /* Release */ = {
			isa = XCBuildConfiguration;
			buildSettings = {
				ALWAYS_SEARCH_USER_PATHS = NO;
				CLANG_ANALYZER_NONNULL = YES;
				CLANG_ANALYZER_NUMBER_OBJECT_CONVERSION = YES_AGGRESSIVE;
				CLANG_CXX_LANGUAGE_STANDARD = "gnu++14";
				CLANG_CXX_LIBRARY = "libc++";
				CLANG_ENABLE_MODULES = YES;
				CLANG_ENABLE_OBJC_ARC = YES;
				CLANG_WARN_BLOCK_CAPTURE_AUTORELEASING = YES;
				CLANG_WARN_BOOL_CONVERSION = YES;
				CLANG_WARN_COMMA = YES;
				CLANG_WARN_CONSTANT_CONVERSION = YES;
				CLANG_WARN_DIRECT_OBJC_ISA_USAGE = YES_ERROR;
				CLANG_WARN_DOCUMENTATION_COMMENTS = YES;
				CLANG_WARN_EMPTY_BODY = YES;
				CLANG_WARN_ENUM_CONVERSION = YES;
				CLANG_WARN_INFINITE_RECURSION = YES;
				CLANG_WARN_INT_CONVERSION = YES;
				CLANG_WARN_NON_LITERAL_NULL_CONVERSION = YES;
				CLANG_WARN_OBJC_LITERAL_CONVERSION = YES;
				CLANG_WARN_OBJC_ROOT_CLASS = YES_ERROR;
				CLANG_WARN_RANGE_LOOP_ANALYSIS = YES;
				CLANG_WARN_STRICT_PROTOTYPES = YES;
				CLANG_WARN_SUSPICIOUS_MOVE = YES;
				CLANG_WARN_UNGUARDED_AVAILABILITY = YES_AGGRESSIVE;
				CLANG_WARN_UNREACHABLE_CODE = YES;
				CLANG_WARN__DUPLICATE_METHOD_MATCH = YES;
				CODE_SIGN_IDENTITY = "iPhone Developer";
				COPY_PHASE_STRIP = NO;
				DEBUG_INFORMATION_FORMAT = "dwarf-with-dsym";
				ENABLE_NS_ASSERTIONS = NO;
				ENABLE_STRICT_OBJC_MSGSEND = YES;
				GCC_C_LANGUAGE_STANDARD = gnu11;
				GCC_NO_COMMON_BLOCKS = YES;
				GCC_WARN_64_TO_32_BIT_CONVERSION = YES;
				GCC_WARN_ABOUT_RETURN_TYPE = YES_ERROR;
				GCC_WARN_UNDECLARED_SELECTOR = YES;
				GCC_WARN_UNINITIALIZED_AUTOS = YES_AGGRESSIVE;
				GCC_WARN_UNUSED_FUNCTION = YES;
				GCC_WARN_UNUSED_VARIABLE = YES;
				IPHONEOS_DEPLOYMENT_TARGET = 11.0;
				MTL_ENABLE_DEBUG_INFO = NO;
				SDKROOT = iphoneos;
				SWIFT_OPTIMIZATION_LEVEL = "-Owholemodule";
				VALIDATE_PRODUCT = YES;
			};
			name = Release;
		};
		BA29AD121F43A497008BBB09 /* Debug */ = {
			isa = XCBuildConfiguration;
			buildSettings = {
				"CODE_SIGN_IDENTITY[sdk=iphoneos*]" = "iPhone Developer";
				CODE_SIGN_STYLE = Automatic;
				DEVELOPMENT_TEAM = JL84E9GK95;
				INFOPLIST_FILE = RetroCalculator/Info.plist;
				LD_RUNPATH_SEARCH_PATHS = "$(inherited) @executable_path/Frameworks";
				PRODUCT_BUNDLE_IDENTIFIER = Victor.RetroCalc;
				PRODUCT_NAME = "$(TARGET_NAME)";
				PROVISIONING_PROFILE_SPECIFIER = "";
				SWIFT_VERSION = 4.0;
				TARGETED_DEVICE_FAMILY = "1,2";
			};
			name = Debug;
		};
		BA29AD131F43A497008BBB09 /* Release */ = {
			isa = XCBuildConfiguration;
			buildSettings = {
				"CODE_SIGN_IDENTITY[sdk=iphoneos*]" = "iPhone Developer";
				CODE_SIGN_STYLE = Automatic;
				DEVELOPMENT_TEAM = JL84E9GK95;
				INFOPLIST_FILE = RetroCalculator/Info.plist;
				LD_RUNPATH_SEARCH_PATHS = "$(inherited) @executable_path/Frameworks";
				PRODUCT_BUNDLE_IDENTIFIER = Victor.RetroCalc;
				PRODUCT_NAME = "$(TARGET_NAME)";
				PROVISIONING_PROFILE_SPECIFIER = "";
				SWIFT_VERSION = 4.0;
				TARGETED_DEVICE_FAMILY = "1,2";
			};
			name = Release;
		};
		BA29AD151F43A497008BBB09 /* Debug */ = {
			isa = XCBuildConfiguration;
			buildSettings = {
				ALWAYS_EMBED_SWIFT_STANDARD_LIBRARIES = YES;
				BUNDLE_LOADER = "$(TEST_HOST)";
				DEVELOPMENT_TEAM = JL84E9GK95;
				INFOPLIST_FILE = RetroCalculatorTests/Info.plist;
				LD_RUNPATH_SEARCH_PATHS = "$(inherited) @executable_path/Frameworks @loader_path/Frameworks";
				PRODUCT_BUNDLE_IDENTIFIER = Victor.RetroCalculatorTests;
				PRODUCT_NAME = "$(TARGET_NAME)";
				SWIFT_VERSION = 4.0;
				TARGETED_DEVICE_FAMILY = "1,2";
				TEST_HOST = "$(BUILT_PRODUCTS_DIR)/RetroCalculator.app/RetroCalculator";
			};
			name = Debug;
		};
		BA29AD161F43A497008BBB09 /* Release */ = {
			isa = XCBuildConfiguration;
			buildSettings = {
				ALWAYS_EMBED_SWIFT_STANDARD_LIBRARIES = YES;
				BUNDLE_LOADER = "$(TEST_HOST)";
				DEVELOPMENT_TEAM = JL84E9GK95;
				INFOPLIST_FILE = RetroCalculatorTests/Info.plist;
				LD_RUNPATH_SEARCH_PATHS = "$(inherited) @executable_path/Frameworks @loader_path/Frameworks";
				PRODUCT_BUNDLE_IDENTIFIER = Victor.RetroCalculatorTests;
				PRODUCT_NAME = "$(TARGET_NAME)";
				SWIFT_VERSION = 4.0;
				TARGETED_DEVICE_FAMILY = "1,2";
				TEST_HOST = "$(BUILT_PRODUCTS_DIR)/RetroCalculator.app/RetroCalculator";
			};
			name = Release;
		};
		BA29AD181F43A497008BBB09 /* Debug */ = {
			isa = XCBuildConfiguration;
			buildSettings = {
				ALWAYS_EMBED_SWIFT_STANDARD_LIBRARIES = YES;
				DEVELOPMENT_TEAM = JL84E9GK95;
				INFOPLIST_FILE = RetroCalculatorUITests/Info.plist;
				LD_RUNPATH_SEARCH_PATHS = "$(inherited) @executable_path/Frameworks @loader_path/Frameworks";
				PRODUCT_BUNDLE_IDENTIFIER = Victor.RetroCalculatorUITests;
				PRODUCT_NAME = "$(TARGET_NAME)";
				SWIFT_VERSION = 4.0;
				TARGETED_DEVICE_FAMILY = "1,2";
				TEST_TARGET_NAME = RetroCalculator;
			};
			name = Debug;
		};
		BA29AD191F43A497008BBB09 /* Release */ = {
			isa = XCBuildConfiguration;
			buildSettings = {
				ALWAYS_EMBED_SWIFT_STANDARD_LIBRARIES = YES;
				DEVELOPMENT_TEAM = JL84E9GK95;
				INFOPLIST_FILE = RetroCalculatorUITests/Info.plist;
				LD_RUNPATH_SEARCH_PATHS = "$(inherited) @executable_path/Frameworks @loader_path/Frameworks";
				PRODUCT_BUNDLE_IDENTIFIER = Victor.RetroCalculatorUITests;
				PRODUCT_NAME = "$(TARGET_NAME)";
				SWIFT_VERSION = 4.0;
				TARGETED_DEVICE_FAMILY = "1,2";
				TEST_TARGET_NAME = RetroCalculator;
			};
			name = Release;
		};
/* End XCBuildConfiguration section */

/* Begin XCConfigurationList section */
		BA29ACE41F43A497008BBB09 /* Build configuration list for PBXProject "RetroCalculator" */ = {
			isa = XCConfigurationList;
			buildConfigurations = (
				BA29AD0F1F43A497008BBB09 /* Debug */,
				BA29AD101F43A497008BBB09 /* Release */,
			);
			defaultConfigurationIsVisible = 0;
			defaultConfigurationName = Release;
		};
		BA29AD111F43A497008BBB09 /* Build configuration list for PBXNativeTarget "RetroCalculator" */ = {
			isa = XCConfigurationList;
			buildConfigurations = (
				BA29AD121F43A497008BBB09 /* Debug */,
				BA29AD131F43A497008BBB09 /* Release */,
			);
			defaultConfigurationIsVisible = 0;
			defaultConfigurationName = Release;
		};
		BA29AD141F43A497008BBB09 /* Build configuration list for PBXNativeTarget "RetroCalculatorTests" */ = {
			isa = XCConfigurationList;
			buildConfigurations = (
				BA29AD151F43A497008BBB09 /* Debug */,
				BA29AD161F43A497008BBB09 /* Release */,
			);
			defaultConfigurationIsVisible = 0;
			defaultConfigurationName = Release;
		};
		BA29AD171F43A497008BBB09 /* Build configuration list for PBXNativeTarget "RetroCalculatorUITests" */ = {
			isa = XCConfigurationList;
			buildConfigurations = (
				BA29AD181F43A497008BBB09 /* Debug */,
				BA29AD191F43A497008BBB09 /* Release */,
			);
			defaultConfigurationIsVisible = 0;
			defaultConfigurationName = Release;
		};
/* End XCConfigurationList section */
	};
	rootObject = BA29ACE11F43A497008BBB09 /* Project object */;
}
