// !$*UTF8*$!
{
	archiveVersion = 1;
	classes = {
	};
	objectVersion = 48;
	objects = {

/* Begin PBXBuildFile section */
		BA29AD681F44D913008BBB09 /* AppDelegate.swift in Sources */ = {isa = PBXBuildFile; fileRef = BA29AD671F44D913008BBB09 /* AppDelegate.swift */; };
		BA29AD6A1F44D913008BBB09 /* ViewController.swift in Sources */ = {isa = PBXBuildFile; fileRef = BA29AD691F44D913008BBB09 /* ViewController.swift */; };
		BA29AD6D1F44D913008BBB09 /* Main.storyboard in Resources */ = {isa = PBXBuildFile; fileRef = BA29AD6B1F44D913008BBB09 /* Main.storyboard */; };
		BA29AD6F1F44D913008BBB09 /* Assets.xcassets in Resources */ = {isa = PBXBuildFile; fileRef = BA29AD6E1F44D913008BBB09 /* Assets.xcassets */; };
		BA29AD721F44D913008BBB09 /* LaunchScreen.storyboard in Resources */ = {isa = PBXBuildFile; fileRef = BA29AD701F44D913008BBB09 /* LaunchScreen.storyboard */; };
		BA29AD7D1F44D913008BBB09 /* Exercise___Auto_LayoutTests.swift in Sources */ = {isa = PBXBuildFile; fileRef = BA29AD7C1F44D913008BBB09 /* Exercise___Auto_LayoutTests.swift */; };
		BA29AD881F44D913008BBB09 /* Exercise___Auto_LayoutUITests.swift in Sources */ = {isa = PBXBuildFile; fileRef = BA29AD871F44D913008BBB09 /* Exercise___Auto_LayoutUITests.swift */; };
/* End PBXBuildFile section */

/* Begin PBXContainerItemProxy section */
		BA29AD791F44D913008BBB09 /* PBXContainerItemProxy */ = {
			isa = PBXContainerItemProxy;
			containerPortal = BA29AD5C1F44D913008BBB09 /* Project object */;
			proxyType = 1;
			remoteGlobalIDString = BA29AD631F44D913008BBB09;
			remoteInfo = "Exercise - Auto Layout";
		};
		BA29AD841F44D913008BBB09 /* PBXContainerItemProxy */ = {
			isa = PBXContainerItemProxy;
			containerPortal = BA29AD5C1F44D913008BBB09 /* Project object */;
			proxyType = 1;
			remoteGlobalIDString = BA29AD631F44D913008BBB09;
			remoteInfo = "Exercise - Auto Layout";
		};
/* End PBXContainerItemProxy section */

/* Begin PBXFileReference section */
		BA29AD641F44D913008BBB09 /* Exercise - Auto Layout.app */ = {isa = PBXFileReference; explicitFileType = wrapper.application; includeInIndex = 0; path = "Exercise - Auto Layout.app"; sourceTree = BUILT_PRODUCTS_DIR; };
		BA29AD671F44D913008BBB09 /* AppDelegate.swift */ = {isa = PBXFileReference; lastKnownFileType = sourcecode.swift; path = AppDelegate.swift; sourceTree = "<group>"; };
		BA29AD691F44D913008BBB09 /* ViewController.swift */ = {isa = PBXFileReference; lastKnownFileType = sourcecode.swift; path = ViewController.swift; sourceTree = "<group>"; };
		BA29AD6C1F44D913008BBB09 /* Base */ = {isa = PBXFileReference; lastKnownFileType = file.storyboard; name = Base; path = Base.lproj/Main.storyboard; sourceTree = "<group>"; };
		BA29AD6E1F44D913008BBB09 /* Assets.xcassets */ = {isa = PBXFileReference; lastKnownFileType = folder.assetcatalog; path = Assets.xcassets; sourceTree = "<group>"; };
		BA29AD711F44D913008BBB09 /* Base */ = {isa = PBXFileReference; lastKnownFileType = file.storyboard; name = Base; path = Base.lproj/LaunchScreen.storyboard; sourceTree = "<group>"; };
		BA29AD731F44D913008BBB09 /* Info.plist */ = {isa = PBXFileReference; lastKnownFileType = text.plist.xml; path = Info.plist; sourceTree = "<group>"; };
		BA29AD781F44D913008BBB09 /* Exercise - Auto LayoutTests.xctest */ = {isa = PBXFileReference; explicitFileType = wrapper.cfbundle; includeInIndex = 0; path = "Exercise - Auto LayoutTests.xctest"; sourceTree = BUILT_PRODUCTS_DIR; };
		BA29AD7C1F44D913008BBB09 /* Exercise___Auto_LayoutTests.swift */ = {isa = PBXFileReference; lastKnownFileType = sourcecode.swift; path = "Exercise___Auto_LayoutTests.swift"; sourceTree = "<group>"; };
		BA29AD7E1F44D913008BBB09 /* Info.plist */ = {isa = PBXFileReference; lastKnownFileType = text.plist.xml; path = Info.plist; sourceTree = "<group>"; };
		BA29AD831F44D913008BBB09 /* Exercise - Auto LayoutUITests.xctest */ = {isa = PBXFileReference; explicitFileType = wrapper.cfbundle; includeInIndex = 0; path = "Exercise - Auto LayoutUITests.xctest"; sourceTree = BUILT_PRODUCTS_DIR; };
		BA29AD871F44D913008BBB09 /* Exercise___Auto_LayoutUITests.swift */ = {isa = PBXFileReference; lastKnownFileType = sourcecode.swift; path = "Exercise___Auto_LayoutUITests.swift"; sourceTree = "<group>"; };
		BA29AD891F44D913008BBB09 /* Info.plist */ = {isa = PBXFileReference; lastKnownFileType = text.plist.xml; path = Info.plist; sourceTree = "<group>"; };
/* End PBXFileReference section */

/* Begin PBXFrameworksBuildPhase section */
		BA29AD611F44D913008BBB09 /* Frameworks */ = {
			isa = PBXFrameworksBuildPhase;
			buildActionMask = 2147483647;
			files = (
			);
			runOnlyForDeploymentPostprocessing = 0;
		};
		BA29AD751F44D913008BBB09 /* Frameworks */ = {
			isa = PBXFrameworksBuildPhase;
			buildActionMask = 2147483647;
			files = (
			);
			runOnlyForDeploymentPostprocessing = 0;
		};
		BA29AD801F44D913008BBB09 /* Frameworks */ = {
			isa = PBXFrameworksBuildPhase;
			buildActionMask = 2147483647;
			files = (
			);
			runOnlyForDeploymentPostprocessing = 0;
		};
/* End PBXFrameworksBuildPhase section */

/* Begin PBXGroup section */
		BA29AD5B1F44D913008BBB09 = {
			isa = PBXGroup;
			children = (
				BA29AD661F44D913008BBB09 /* Exercise - Auto Layout */,
				BA29AD7B1F44D913008BBB09 /* Exercise - Auto LayoutTests */,
				BA29AD861F44D913008BBB09 /* Exercise - Auto LayoutUITests */,
				BA29AD651F44D913008BBB09 /* Products */,
			);
			sourceTree = "<group>";
		};
		BA29AD651F44D913008BBB09 /* Products */ = {
			isa = PBXGroup;
			children = (
				BA29AD641F44D913008BBB09 /* Exercise - Auto Layout.app */,
				BA29AD781F44D913008BBB09 /* Exercise - Auto LayoutTests.xctest */,
				BA29AD831F44D913008BBB09 /* Exercise - Auto LayoutUITests.xctest */,
			);
			name = Products;
			sourceTree = "<group>";
		};
		BA29AD661F44D913008BBB09 /* Exercise - Auto Layout */ = {
			isa = PBXGroup;
			children = (
				BA29AD671F44D913008BBB09 /* AppDelegate.swift */,
				BA29AD691F44D913008BBB09 /* ViewController.swift */,
				BA29AD6B1F44D913008BBB09 /* Main.storyboard */,
				BA29AD6E1F44D913008BBB09 /* Assets.xcassets */,
				BA29AD701F44D913008BBB09 /* LaunchScreen.storyboard */,
				BA29AD731F44D913008BBB09 /* Info.plist */,
			);
			path = "Exercise - Auto Layout";
			sourceTree = "<group>";
		};
		BA29AD7B1F44D913008BBB09 /* Exercise - Auto LayoutTests */ = {
			isa = PBXGroup;
			children = (
				BA29AD7C1F44D913008BBB09 /* Exercise___Auto_LayoutTests.swift */,
				BA29AD7E1F44D913008BBB09 /* Info.plist */,
			);
			path = "Exercise - Auto LayoutTests";
			sourceTree = "<group>";
		};
		BA29AD861F44D913008BBB09 /* Exercise - Auto LayoutUITests */ = {
			isa = PBXGroup;
			children = (
				BA29AD871F44D913008BBB09 /* Exercise___Auto_LayoutUITests.swift */,
				BA29AD891F44D913008BBB09 /* Info.plist */,
			);
			path = "Exercise - Auto LayoutUITests";
			sourceTree = "<group>";
		};
/* End PBXGroup section */

/* Begin PBXNativeTarget section */
		BA29AD631F44D913008BBB09 /* Exercise - Auto Layout */ = {
			isa = PBXNativeTarget;
			buildConfigurationList = BA29AD8C1F44D913008BBB09 /* Build configuration list for PBXNativeTarget "Exercise - Auto Layout" */;
			buildPhases = (
				BA29AD601F44D913008BBB09 /* Sources */,
				BA29AD611F44D913008BBB09 /* Frameworks */,
				BA29AD621F44D913008BBB09 /* Resources */,
			);
			buildRules = (
			);
			dependencies = (
			);
			name = "Exercise - Auto Layout";
			productName = "Exercise - Auto Layout";
			productReference = BA29AD641F44D913008BBB09 /* Exercise - Auto Layout.app */;
			productType = "com.apple.product-type.application";
		};
		BA29AD771F44D913008BBB09 /* Exercise - Auto LayoutTests */ = {
			isa = PBXNativeTarget;
			buildConfigurationList = BA29AD8F1F44D913008BBB09 /* Build configuration list for PBXNativeTarget "Exercise - Auto LayoutTests" */;
			buildPhases = (
				BA29AD741F44D913008BBB09 /* Sources */,
				BA29AD751F44D913008BBB09 /* Frameworks */,
				BA29AD761F44D913008BBB09 /* Resources */,
			);
			buildRules = (
			);
			dependencies = (
				BA29AD7A1F44D913008BBB09 /* PBXTargetDependency */,
			);
			name = "Exercise - Auto LayoutTests";
			productName = "Exercise - Auto LayoutTests";
			productReference = BA29AD781F44D913008BBB09 /* Exercise - Auto LayoutTests.xctest */;
			productType = "com.apple.product-type.bundle.unit-test";
		};
		BA29AD821F44D913008BBB09 /* Exercise - Auto LayoutUITests */ = {
			isa = PBXNativeTarget;
			buildConfigurationList = BA29AD921F44D913008BBB09 /* Build configuration list for PBXNativeTarget "Exercise - Auto LayoutUITests" */;
			buildPhases = (
				BA29AD7F1F44D913008BBB09 /* Sources */,
				BA29AD801F44D913008BBB09 /* Frameworks */,
				BA29AD811F44D913008BBB09 /* Resources */,
			);
			buildRules = (
			);
			dependencies = (
				BA29AD851F44D913008BBB09 /* PBXTargetDependency */,
			);
			name = "Exercise - Auto LayoutUITests";
			productName = "Exercise - Auto LayoutUITests";
			productReference = BA29AD831F44D913008BBB09 /* Exercise - Auto LayoutUITests.xctest */;
			productType = "com.apple.product-type.bundle.ui-testing";
		};
/* End PBXNativeTarget section */

/* Begin PBXProject section */
		BA29AD5C1F44D913008BBB09 /* Project object */ = {
			isa = PBXProject;
			attributes = {
				LastSwiftUpdateCheck = 0900;
				LastUpgradeCheck = 0900;
				ORGANIZATIONNAME = "Victor Mihaita";
				TargetAttributes = {
					BA29AD631F44D913008BBB09 = {
						CreatedOnToolsVersion = 9.0;
					};
					BA29AD771F44D913008BBB09 = {
						CreatedOnToolsVersion = 9.0;
						TestTargetID = BA29AD631F44D913008BBB09;
					};
					BA29AD821F44D913008BBB09 = {
						CreatedOnToolsVersion = 9.0;
						TestTargetID = BA29AD631F44D913008BBB09;
					};
				};
			};
			buildConfigurationList = BA29AD5F1F44D913008BBB09 /* Build configuration list for PBXProject "Exercise - Auto Layout" */;
			compatibilityVersion = "Xcode 8.0";
			developmentRegion = en;
			hasScannedForEncodings = 0;
			knownRegions = (
				en,
				Base,
			);
			mainGroup = BA29AD5B1F44D913008BBB09;
			productRefGroup = BA29AD651F44D913008BBB09 /* Products */;
			projectDirPath = "";
			projectRoot = "";
			targets = (
				BA29AD631F44D913008BBB09 /* Exercise - Auto Layout */,
				BA29AD771F44D913008BBB09 /* Exercise - Auto LayoutTests */,
				BA29AD821F44D913008BBB09 /* Exercise - Auto LayoutUITests */,
			);
		};
/* End PBXProject section */

/* Begin PBXResourcesBuildPhase section */
		BA29AD621F44D913008BBB09 /* Resources */ = {
			isa = PBXResourcesBuildPhase;
			buildActionMask = 2147483647;
			files = (
				BA29AD721F44D913008BBB09 /* LaunchScreen.storyboard in Resources */,
				BA29AD6F1F44D913008BBB09 /* Assets.xcassets in Resources */,
				BA29AD6D1F44D913008BBB09 /* Main.storyboard in Resources */,
			);
			runOnlyForDeploymentPostprocessing = 0;
		};
		BA29AD761F44D913008BBB09 /* Resources */ = {
			isa = PBXResourcesBuildPhase;
			buildActionMask = 2147483647;
			files = (
			);
			runOnlyForDeploymentPostprocessing = 0;
		};
		BA29AD811F44D913008BBB09 /* Resources */ = {
			isa = PBXResourcesBuildPhase;
			buildActionMask = 2147483647;
			files = (
			);
			runOnlyForDeploymentPostprocessing = 0;
		};
/* End PBXResourcesBuildPhase section */

/* Begin PBXSourcesBuildPhase section */
		BA29AD601F44D913008BBB09 /* Sources */ = {
			isa = PBXSourcesBuildPhase;
			buildActionMask = 2147483647;
			files = (
				BA29AD6A1F44D913008BBB09 /* ViewController.swift in Sources */,
				BA29AD681F44D913008BBB09 /* AppDelegate.swift in Sources */,
			);
			runOnlyForDeploymentPostprocessing = 0;
		};
		BA29AD741F44D913008BBB09 /* Sources */ = {
			isa = PBXSourcesBuildPhase;
			buildActionMask = 2147483647;
			files = (
				BA29AD7D1F44D913008BBB09 /* Exercise___Auto_LayoutTests.swift in Sources */,
			);
			runOnlyForDeploymentPostprocessing = 0;
		};
		BA29AD7F1F44D913008BBB09 /* Sources */ = {
			isa = PBXSourcesBuildPhase;
			buildActionMask = 2147483647;
			files = (
				BA29AD881F44D913008BBB09 /* Exercise___Auto_LayoutUITests.swift in Sources */,
			);
			runOnlyForDeploymentPostprocessing = 0;
		};
/* End PBXSourcesBuildPhase section */

/* Begin PBXTargetDependency section */
		BA29AD7A1F44D913008BBB09 /* PBXTargetDependency */ = {
			isa = PBXTargetDependency;
			target = BA29AD631F44D913008BBB09 /* Exercise - Auto Layout */;
			targetProxy = BA29AD791F44D913008BBB09 /* PBXContainerItemProxy */;
		};
		BA29AD851F44D913008BBB09 /* PBXTargetDependency */ = {
			isa = PBXTargetDependency;
			target = BA29AD631F44D913008BBB09 /* Exercise - Auto Layout */;
			targetProxy = BA29AD841F44D913008BBB09 /* PBXContainerItemProxy */;
		};
/* End PBXTargetDependency section */

/* Begin PBXVariantGroup section */
		BA29AD6B1F44D913008BBB09 /* Main.storyboard */ = {
			isa = PBXVariantGroup;
			children = (
				BA29AD6C1F44D913008BBB09 /* Base */,
			);
			name = Main.storyboard;
			sourceTree = "<group>";
		};
		BA29AD701F44D913008BBB09 /* LaunchScreen.storyboard */ = {
			isa = PBXVariantGroup;
			children = (
				BA29AD711F44D913008BBB09 /* Base */,
			);
			name = LaunchScreen.storyboard;
			sourceTree = "<group>";
		};
/* End PBXVariantGroup section */

/* Begin XCBuildConfiguration section */
		BA29AD8A1F44D913008BBB09 /* Debug */ = {
			isa = XCBuildConfiguration;
			buildSettings = {
				ALWAYS_SEARCH_USER_PATHS = NO;
				CLANG_ANALYZER_NONNULL = YES;
				CLANG_ANALYZER_NUMBER_OBJECT_CONVERSION = YES_AGGRESSIVE;
				CLANG_CXX_LANGUAGE_STANDARD = "gnu++14";
				CLANG_CXX_LIBRARY = "libc++";
				CLANG_ENABLE_MODULES = YES;
				CLANG_ENABLE_OBJC_ARC = YES;
				CLANG_WARN_BLOCK_CAPTURE_AUTORELEASING = YES;
				CLANG_WARN_BOOL_CONVERSION = YES;
				CLANG_WARN_COMMA = YES;
				CLANG_WARN_CONSTANT_CONVERSION = YES;
				CLANG_WARN_DIRECT_OBJC_ISA_USAGE = YES_ERROR;
				CLANG_WARN_DOCUMENTATION_COMMENTS = YES;
				CLANG_WARN_EMPTY_BODY = YES;
				CLANG_WARN_ENUM_CONVERSION = YES;
				CLANG_WARN_INFINITE_RECURSION = YES;
				CLANG_WARN_INT_CONVERSION = YES;
				CLANG_WARN_NON_LITERAL_NULL_CONVERSION = YES;
				CLANG_WARN_OBJC_LITERAL_CONVERSION = YES;
				CLANG_WARN_OBJC_ROOT_CLASS = YES_ERROR;
				CLANG_WARN_RANGE_LOOP_ANALYSIS = YES;
				CLANG_WARN_STRICT_PROTOTYPES = YES;
				CLANG_WARN_SUSPICIOUS_MOVE = YES;
				CLANG_WARN_UNGUARDED_AVAILABILITY = YES_AGGRESSIVE;
				CLANG_WARN_UNREACHABLE_CODE = YES;
				CLANG_WARN__DUPLICATE_METHOD_MATCH = YES;
				CODE_SIGN_IDENTITY = "iPhone Developer";
				COPY_PHASE_STRIP = NO;
				DEBUG_INFORMATION_FORMAT = dwarf;
				ENABLE_STRICT_OBJC_MSGSEND = YES;
				ENABLE_TESTABILITY = YES;
				GCC_C_LANGUAGE_STANDARD = gnu11;
				GCC_DYNAMIC_NO_PIC = NO;
				GCC_NO_COMMON_BLOCKS = YES;
				GCC_OPTIMIZATION_LEVEL = 0;
				GCC_PREPROCESSOR_DEFINITIONS = (
					"DEBUG=1",
					"$(inherited)",
				);
				GCC_WARN_64_TO_32_BIT_CONVERSION = YES;
				GCC_WARN_ABOUT_RETURN_TYPE = YES_ERROR;
				GCC_WARN_UNDECLARED_SELECTOR = YES;
				GCC_WARN_UNINITIALIZED_AUTOS = YES_AGGRESSIVE;
				GCC_WARN_UNUSED_FUNCTION = YES;
				GCC_WARN_UNUSED_VARIABLE = YES;
				IPHONEOS_DEPLOYMENT_TARGET = 11.0;
				MTL_ENABLE_DEBUG_INFO = YES;
				ONLY_ACTIVE_ARCH = YES;
				SDKROOT = iphoneos;
				SWIFT_ACTIVE_COMPILATION_CONDITIONS = DEBUG;
				SWIFT_OPTIMIZATION_LEVEL = "-Onone";
			};
			name = Debug;
		};
		BA29AD8B1F44D913008BBB09 /* Release */ = {
			isa = XCBuildConfiguration;
			buildSettings = {
				ALWAYS_SEARCH_USER_PATHS = NO;
				CLANG_ANALYZER_NONNULL = YES;
				CLANG_ANALYZER_NUMBER_OBJECT_CONVERSION = YES_AGGRESSIVE;
				CLANG_CXX_LANGUAGE_STANDARD = "gnu++14";
				CLANG_CXX_LIBRARY = "libc++";
				CLANG_ENABLE_MODULES = YES;
				CLANG_ENABLE_OBJC_ARC = YES;
				CLANG_WARN_BLOCK_CAPTURE_AUTORELEASING = YES;
				CLANG_WARN_BOOL_CONVERSION = YES;
				CLANG_WARN_COMMA = YES;
				CLANG_WARN_CONSTANT_CONVERSION = YES;
				CLANG_WARN_DIRECT_OBJC_ISA_USAGE = YES_ERROR;
				CLANG_WARN_DOCUMENTATION_COMMENTS = YES;
				CLANG_WARN_EMPTY_BODY = YES;
				CLANG_WARN_ENUM_CONVERSION = YES;
				CLANG_WARN_INFINITE_RECURSION = YES;
				CLANG_WARN_INT_CONVERSION = YES;
				CLANG_WARN_NON_LITERAL_NULL_CONVERSION = YES;
				CLANG_WARN_OBJC_LITERAL_CONVERSION = YES;
				CLANG_WARN_OBJC_ROOT_CLASS = YES_ERROR;
				CLANG_WARN_RANGE_LOOP_ANALYSIS = YES;
				CLANG_WARN_STRICT_PROTOTYPES = YES;
				CLANG_WARN_SUSPICIOUS_MOVE = YES;
				CLANG_WARN_UNGUARDED_AVAILABILITY = YES_AGGRESSIVE;
				CLANG_WARN_UNREACHABLE_CODE = YES;
				CLANG_WARN__DUPLICATE_METHOD_MATCH = YES;
				CODE_SIGN_IDENTITY = "iPhone Developer";
				COPY_PHASE_STRIP = NO;
				DEBUG_INFORMATION_FORMAT = "dwarf-with-dsym";
				ENABLE_NS_ASSERTIONS = NO;
				ENABLE_STRICT_OBJC_MSGSEND = YES;
				GCC_C_LANGUAGE_STANDARD = gnu11;
				GCC_NO_COMMON_BLOCKS = YES;
				GCC_WARN_64_TO_32_BIT_CONVERSION = YES;
				GCC_WARN_ABOUT_RETURN_TYPE = YES_ERROR;
				GCC_WARN_UNDECLARED_SELECTOR = YES;
				GCC_WARN_UNINITIALIZED_AUTOS = YES_AGGRESSIVE;
				GCC_WARN_UNUSED_FUNCTION = YES;
				GCC_WARN_UNUSED_VARIABLE = YES;
				IPHONEOS_DEPLOYMENT_TARGET = 11.0;
				MTL_ENABLE_DEBUG_INFO = NO;
				SDKROOT = iphoneos;
				SWIFT_OPTIMIZATION_LEVEL = "-Owholemodule";
				VALIDATE_PRODUCT = YES;
			};
			name = Release;
		};
		BA29AD8D1F44D913008BBB09 /* Debug */ = {
			isa = XCBuildConfiguration;
			buildSettings = {
				ASSETCATALOG_COMPILER_APPICON_NAME = AppIcon;
				DEVELOPMENT_TEAM = JL84E9GK95;
				INFOPLIST_FILE = "Exercise - Auto Layout/Info.plist";
				LD_RUNPATH_SEARCH_PATHS = "$(inherited) @executable_path/Frameworks";
				PRODUCT_BUNDLE_IDENTIFIER = "Victor.Exercise---Auto-Layout";
				PRODUCT_NAME = "$(TARGET_NAME)";
				SWIFT_VERSION = 4.0;
				TARGETED_DEVICE_FAMILY = "1,2";
			};
			name = Debug;
		};
		BA29AD8E1F44D913008BBB09 /* Release */ = {
			isa = XCBuildConfiguration;
			buildSettings = {
				ASSETCATALOG_COMPILER_APPICON_NAME = AppIcon;
				DEVELOPMENT_TEAM = JL84E9GK95;
				INFOPLIST_FILE = "Exercise - Auto Layout/Info.plist";
				LD_RUNPATH_SEARCH_PATHS = "$(inherited) @executable_path/Frameworks";
				PRODUCT_BUNDLE_IDENTIFIER = "Victor.Exercise---Auto-Layout";
				PRODUCT_NAME = "$(TARGET_NAME)";
				SWIFT_VERSION = 4.0;
				TARGETED_DEVICE_FAMILY = "1,2";
			};
			name = Release;
		};
		BA29AD901F44D913008BBB09 /* Debug */ = {
			isa = XCBuildConfiguration;
			buildSettings = {
				ALWAYS_EMBED_SWIFT_STANDARD_LIBRARIES = YES;
				BUNDLE_LOADER = "$(TEST_HOST)";
				DEVELOPMENT_TEAM = JL84E9GK95;
				INFOPLIST_FILE = "Exercise - Auto LayoutTests/Info.plist";
				LD_RUNPATH_SEARCH_PATHS = "$(inherited) @executable_path/Frameworks @loader_path/Frameworks";
				PRODUCT_BUNDLE_IDENTIFIER = "Victor.Exercise---Auto-LayoutTests";
				PRODUCT_NAME = "$(TARGET_NAME)";
				SWIFT_VERSION = 4.0;
				TARGETED_DEVICE_FAMILY = "1,2";
				TEST_HOST = "$(BUILT_PRODUCTS_DIR)/Exercise - Auto Layout.app/Exercise - Auto Layout";
			};
			name = Debug;
		};
		BA29AD911F44D913008BBB09 /* Release */ = {
			isa = XCBuildConfiguration;
			buildSettings = {
				ALWAYS_EMBED_SWIFT_STANDARD_LIBRARIES = YES;
				BUNDLE_LOADER = "$(TEST_HOST)";
				DEVELOPMENT_TEAM = JL84E9GK95;
				INFOPLIST_FILE = "Exercise - Auto LayoutTests/Info.plist";
				LD_RUNPATH_SEARCH_PATHS = "$(inherited) @executable_path/Frameworks @loader_path/Frameworks";
				PRODUCT_BUNDLE_IDENTIFIER = "Victor.Exercise---Auto-LayoutTests";
				PRODUCT_NAME = "$(TARGET_NAME)";
				SWIFT_VERSION = 4.0;
				TARGETED_DEVICE_FAMILY = "1,2";
				TEST_HOST = "$(BUILT_PRODUCTS_DIR)/Exercise - Auto Layout.app/Exercise - Auto Layout";
			};
			name = Release;
		};
		BA29AD931F44D913008BBB09 /* Debug */ = {
			isa = XCBuildConfiguration;
			buildSettings = {
				ALWAYS_EMBED_SWIFT_STANDARD_LIBRARIES = YES;
				DEVELOPMENT_TEAM = JL84E9GK95;
				INFOPLIST_FILE = "Exercise - Auto LayoutUITests/Info.plist";
				LD_RUNPATH_SEARCH_PATHS = "$(inherited) @executable_path/Frameworks @loader_path/Frameworks";
				PRODUCT_BUNDLE_IDENTIFIER = "Victor.Exercise---Auto-LayoutUITests";
				PRODUCT_NAME = "$(TARGET_NAME)";
				SWIFT_VERSION = 4.0;
				TARGETED_DEVICE_FAMILY = "1,2";
				TEST_TARGET_NAME = "Exercise - Auto Layout";
			};
			name = Debug;
		};
		BA29AD941F44D913008BBB09 /* Release */ = {
			isa = XCBuildConfiguration;
			buildSettings = {
				ALWAYS_EMBED_SWIFT_STANDARD_LIBRARIES = YES;
				DEVELOPMENT_TEAM = JL84E9GK95;
				INFOPLIST_FILE = "Exercise - Auto LayoutUITests/Info.plist";
				LD_RUNPATH_SEARCH_PATHS = "$(inherited) @executable_path/Frameworks @loader_path/Frameworks";
				PRODUCT_BUNDLE_IDENTIFIER = "Victor.Exercise---Auto-LayoutUITests";
				PRODUCT_NAME = "$(TARGET_NAME)";
				SWIFT_VERSION = 4.0;
				TARGETED_DEVICE_FAMILY = "1,2";
				TEST_TARGET_NAME = "Exercise - Auto Layout";
			};
			name = Release;
		};
/* End XCBuildConfiguration section */

/* Begin XCConfigurationList section */
		BA29AD5F1F44D913008BBB09 /* Build configuration list for PBXProject "Exercise - Auto Layout" */ = {
			isa = XCConfigurationList;
			buildConfigurations = (
				BA29AD8A1F44D913008BBB09 /* Debug */,
				BA29AD8B1F44D913008BBB09 /* Release */,
			);
			defaultConfigurationIsVisible = 0;
			defaultConfigurationName = Release;
		};
		BA29AD8C1F44D913008BBB09 /* Build configuration list for PBXNativeTarget "Exercise - Auto Layout" */ = {
			isa = XCConfigurationList;
			buildConfigurations = (
				BA29AD8D1F44D913008BBB09 /* Debug */,
				BA29AD8E1F44D913008BBB09 /* Release */,
			);
			defaultConfigurationIsVisible = 0;
			defaultConfigurationName = Release;
		};
		BA29AD8F1F44D913008BBB09 /* Build configuration list for PBXNativeTarget "Exercise - Auto LayoutTests" */ = {
			isa = XCConfigurationList;
			buildConfigurations = (
				BA29AD901F44D913008BBB09 /* Debug */,
				BA29AD911F44D913008BBB09 /* Release */,
			);
			defaultConfigurationIsVisible = 0;
			defaultConfigurationName = Release;
		};
		BA29AD921F44D913008BBB09 /* Build configuration list for PBXNativeTarget "Exercise - Auto LayoutUITests" */ = {
			isa = XCConfigurationList;
			buildConfigurations = (
				BA29AD931F44D913008BBB09 /* Debug */,
				BA29AD941F44D913008BBB09 /* Release */,
			);
			defaultConfigurationIsVisible = 0;
			defaultConfigurationName = Release;
		};
/* End XCConfigurationList section */
	};
	rootObject = BA29AD5C1F44D913008BBB09 /* Project object */;
}
